<?xml version="1.0" encoding="utf-8"?>
<Project ToolsVersion="4.0" xmlns="http://schemas.microsoft.com/developer/msbuild/2003">
  <ItemGroup>
    <Filter Include="source">
      <UniqueIdentifier>{36eb8389-ee8f-4f0f-a1be-a5a328d0e17f}</UniqueIdentifier>
    </Filter>
    <Filter Include="source\engine">
      <UniqueIdentifier>{82791c7d-62ea-4444-9f1c-5d6655240532}</UniqueIdentifier>
    </Filter>
    <Filter Include="source\editor">
      <UniqueIdentifier>{403e723d-897b-4c2a-93f0-f187131c082a}</UniqueIdentifier>
    </Filter>
    <Filter Include="source\engine\function">
      <UniqueIdentifier>{344f016a-e6a0-4ccc-baf0-c6ef74789768}</UniqueIdentifier>
    </Filter>
    <Filter Include="source\engine\function\render">
      <UniqueIdentifier>{9b4b3f4c-b5d8-4e66-883d-49c67c90ede9}</UniqueIdentifier>
    </Filter>
    <Filter Include="source\engine\function\global">
      <UniqueIdentifier>{565d7510-d07e-43f5-a194-280dc63fd630}</UniqueIdentifier>
    </Filter>
    <Filter Include="source\engine\core">
      <UniqueIdentifier>{531242a9-c03b-477b-aeca-fed321578554}</UniqueIdentifier>
    </Filter>
    <Filter Include="source\engine\core\log">
      <UniqueIdentifier>{c0021bf4-7482-4e60-a188-7f320d6e9f2c}</UniqueIdentifier>
    </Filter>
    <Filter Include="source\engine\core\base">
      <UniqueIdentifier>{9d177f24-6825-436d-a90a-7d456c397978}</UniqueIdentifier>
    </Filter>
    <Filter Include="source\engine\function\render\pass">
      <UniqueIdentifier>{3cb7283e-b47a-428b-bb7c-325c099a7f2e}</UniqueIdentifier>
    </Filter>
    <Filter Include="source\engine\core\math">
      <UniqueIdentifier>{d9ac83f2-a73e-42a0-bd79-4e9a20b93f24}</UniqueIdentifier>
    </Filter>
    <Filter Include="source\engine\framework">
      <UniqueIdentifier>{51032260-e215-48cb-8290-d2bde038b6da}</UniqueIdentifier>
    </Filter>
    <Filter Include="source\engine\framework\component">
      <UniqueIdentifier>{bf61aa26-cd6a-4d32-bf43-e02057944f3f}</UniqueIdentifier>
    </Filter>
    <Filter Include="source\engine\framework\inputSystem">
      <UniqueIdentifier>{a17b3d23-6d2b-40d0-b66c-10f9e7b0eec0}</UniqueIdentifier>
    </Filter>
    <Filter Include="source\engine\framework\level">
      <UniqueIdentifier>{b050b7a4-88d6-4df4-96e1-16993e0b46a9}</UniqueIdentifier>
    </Filter>
    <Filter Include="source\engine\framework\assets">
      <UniqueIdentifier>{e0ecbb50-8f97-4553-b04f-74a70233b59a}</UniqueIdentifier>
    </Filter>
    <Filter Include="source\engine\framework\object">
      <UniqueIdentifier>{9e80d455-c26c-45f9-a21b-262776f632f7}</UniqueIdentifier>
    </Filter>
    <Filter Include="imgui">
      <UniqueIdentifier>{b057e93b-5b72-40a8-a5ad-d5eb50c251a9}</UniqueIdentifier>
    </Filter>
    <Filter Include="source\engine\function\render\RHI">
      <UniqueIdentifier>{b8bdc968-b2e9-47ab-9e79-e0ec3fa2dad9}</UniqueIdentifier>
    </Filter>
    <Filter Include="source\engine\function\render\renderResource">
      <UniqueIdentifier>{e298f2d2-c7d0-4aa1-b10e-945e2199628b}</UniqueIdentifier>
    </Filter>
  </ItemGroup>
  <ItemGroup>
    <ClCompile Include="main.cpp">
      <Filter>source</Filter>
    </ClCompile>
    <ClCompile Include="source\engine\Engine.cpp">
      <Filter>source\engine</Filter>
    </ClCompile>
    <ClCompile Include="source\engine\function\render\WindowSystem.cpp">
      <Filter>source\engine\function\render</Filter>
    </ClCompile>
    <ClCompile Include="source\engine\function\render\RenderSystem.cpp">
      <Filter>source\engine\function\render</Filter>
    </ClCompile>
    <ClCompile Include="source\engine\function\global\RuntimeGlobalContext.cpp">
      <Filter>source\engine\function\global</Filter>
    </ClCompile>
    <ClCompile Include="source\engine\core\log\LogSystem.cpp">
      <Filter>source\engine\core\log</Filter>
    </ClCompile>
    <ClCompile Include="source\engine\function\render\RenderCamera.cpp">
      <Filter>source\engine\function\render</Filter>
    </ClCompile>
    <ClCompile Include="source\engine\function\render\RenderResource.cpp">
      <Filter>source\engine\function\render</Filter>
    </ClCompile>
    <ClCompile Include="source\engine\function\render\VulkanRHI.cpp">
      <Filter>source\engine\function\render</Filter>
    </ClCompile>
    <ClCompile Include="source\engine\function\render\RenderResource\MeshResource.cpp">
      <Filter>source\engine\function\render\renderResource</Filter>
    </ClCompile>
    <ClCompile Include="source\engine\function\render\RenderResource\TextureResource.cpp">
      <Filter>source\engine\function\render\renderResource</Filter>
    </ClCompile>
    <ClCompile Include="source\engine\function\render\RenderPipeline.cpp">
      <Filter>source\engine\function\render</Filter>
    </ClCompile>
    <ClCompile Include="source\engine\function\render\VulkanUtil.cpp">
      <Filter>source\engine\function\render</Filter>
    </ClCompile>
    <ClCompile Include="source\engine\function\render\pass\MainCameraPass.cpp">
      <Filter>source\engine\function\render\pass</Filter>
    </ClCompile>
    <ClCompile Include="source\engine\framework\component\Component.cpp">
      <Filter>source\engine\framework\component</Filter>
    </ClCompile>
    <ClCompile Include="source\engine\framework\component\MeshComponent.cpp">
      <Filter>source\engine\framework\component</Filter>
    </ClCompile>
    <ClCompile Include="source\engine\framework\component\NodeComponent.cpp">
      <Filter>source\engine\framework\component</Filter>
    </ClCompile>
    <ClCompile Include="source\engine\framework\component\TransformComponent.cpp">
      <Filter>source\engine\framework\component</Filter>
    </ClCompile>
    <ClCompile Include="source\engine\framework\inputSystem\InputSystem.cpp">
      <Filter>source\engine\framework\inputSystem</Filter>
    </ClCompile>
    <ClCompile Include="source\engine\framework\level\Level.cpp">
      <Filter>source\engine\framework\level</Filter>
    </ClCompile>
    <ClCompile Include="source\engine\framework\assets\ModelAsset.cpp">
      <Filter>source\engine\framework\assets</Filter>
    </ClCompile>
    <ClCompile Include="source\engine\framework\assets\Texture2D.cpp">
      <Filter>source\engine\framework\assets</Filter>
    </ClCompile>
    <ClCompile Include="source\engine\framework\object\Object.cpp">
      <Filter>source\engine\framework\object</Filter>
    </ClCompile>
    <ClCompile Include="source\engine\framework\object\ObjectIDAllocator.cpp">
      <Filter>source\engine\framework\object</Filter>
    </ClCompile>
    <ClCompile Include="source\engine\function\render\pass\UIPass.cpp">
      <Filter>source\engine\function\render\pass</Filter>
    </ClCompile>
    <ClCompile Include="source\editor\SceneInputManager.cpp">
      <Filter>source\editor</Filter>
    </ClCompile>
    <ClCompile Include="source\engine\function\render\RenderResource\RenderData.cpp">
      <Filter>source\engine\function\render\renderResource</Filter>
    </ClCompile>
    <ClCompile Include="source\engine\function\render\pass\RenderPassBase.cpp">
      <Filter>source\engine\function\render\pass</Filter>
    </ClCompile>
    <ClCompile Include="3rdparty\imgui\imgui.cpp">
      <Filter>imgui</Filter>
    </ClCompile>
    <ClCompile Include="3rdparty\imgui\imgui_demo.cpp">
      <Filter>imgui</Filter>
    </ClCompile>
    <ClCompile Include="3rdparty\imgui\imgui_draw.cpp">
      <Filter>imgui</Filter>
    </ClCompile>
    <ClCompile Include="3rdparty\imgui\backends\imgui_impl_glfw.cpp">
      <Filter>imgui</Filter>
    </ClCompile>
    <ClCompile Include="3rdparty\imgui\backends\imgui_impl_vulkan.cpp">
      <Filter>imgui</Filter>
    </ClCompile>
    <ClCompile Include="3rdparty\imgui\imgui_tables.cpp">
      <Filter>imgui</Filter>
    </ClCompile>
    <ClCompile Include="3rdparty\imgui\imgui_widgets.cpp">
      <Filter>imgui</Filter>
    </ClCompile>
    <ClCompile Include="source\engine\function\render\RenderResource\IndexResource.cpp">
      <Filter>source\engine\function\render\renderResource</Filter>
    </ClCompile>
    <ClCompile Include="source\engine\function\render\RenderResource\VertexResource.cpp">
      <Filter>source\engine\function\render\renderResource</Filter>
    </ClCompile>
    <ClCompile Include="source\engine\function\render\RenderResource\BufferResource.cpp">
      <Filter>source\engine\function\render\renderResource</Filter>
    </ClCompile>
    <ClCompile Include="source\engine\function\render\pass\PostProcessPass.cpp">
      <Filter>source\engine\function\render\pass</Filter>
    </ClCompile>
    <ClCompile Include="source\engine\function\render\RenderResource\TextureArrayResource.cpp">
      <Filter>source\engine\function\render\renderResource</Filter>
    </ClCompile>
  </ItemGroup>
  <ItemGroup>
    <ClInclude Include="source\engine\Engine.h">
      <Filter>source\engine</Filter>
    </ClInclude>
    <ClInclude Include="source\engine\function\render\WindowSystem.h">
      <Filter>source\engine\function\render</Filter>
    </ClInclude>
    <ClInclude Include="source\engine\function\render\RenderSystem.h">
      <Filter>source\engine\function\render</Filter>
    </ClInclude>
    <ClInclude Include="source\engine\function\global\RuntimeGlobalContext.h">
      <Filter>source\engine\function\global</Filter>
    </ClInclude>
    <ClInclude Include="source\engine\core\log\LogSystem.h">
      <Filter>source\engine\core\log</Filter>
    </ClInclude>
    <ClInclude Include="source\engine\core\base\macro.h">
      <Filter>source\engine\core\base</Filter>
    </ClInclude>
    <ClInclude Include="source\engine\function\render\RenderCamera.h">
      <Filter>source\engine\function\render</Filter>
    </ClInclude>
    <ClInclude Include="source\engine\function\render\RenderResource.h">
      <Filter>source\engine\function\render</Filter>
    </ClInclude>
    <ClInclude Include="source\engine\function\render\VulkanRHI.h">
      <Filter>source\engine\function\render</Filter>
    </ClInclude>
    <ClInclude Include="source\engine\function\render\RenderResource\MeshResource.h">
      <Filter>source\engine\function\render\renderResource</Filter>
    </ClInclude>
    <ClInclude Include="source\engine\function\render\RenderResource\RenderData.h">
      <Filter>source\engine\function\render\renderResource</Filter>
    </ClInclude>
    <ClInclude Include="source\engine\function\render\RenderResource\TextureResource.h">
      <Filter>source\engine\function\render\renderResource</Filter>
    </ClInclude>
    <ClInclude Include="source\engine\function\render\RenderPipeline.h">
      <Filter>source\engine\function\render</Filter>
    </ClInclude>
    <ClInclude Include="source\engine\function\render\VulkanUtil.h">
      <Filter>source\engine\function\render</Filter>
    </ClInclude>
    <ClInclude Include="source\engine\function\render\pass\MainCameraPass.h">
      <Filter>source\engine\function\render\pass</Filter>
    </ClInclude>
    <ClInclude Include="source\engine\framework\component\Component.h">
      <Filter>source\engine\framework\component</Filter>
    </ClInclude>
    <ClInclude Include="source\engine\framework\component\MeshComponent.h">
      <Filter>source\engine\framework\component</Filter>
    </ClInclude>
    <ClInclude Include="source\engine\framework\component\NodeComponent.h">
      <Filter>source\engine\framework\component</Filter>
    </ClInclude>
    <ClInclude Include="source\engine\framework\component\TransformComponent.h">
      <Filter>source\engine\framework\component</Filter>
    </ClInclude>
    <ClInclude Include="source\engine\core\math\MathCommon.h">
      <Filter>source\engine\core\math</Filter>
    </ClInclude>
    <ClInclude Include="source\engine\framework\inputSystem\InputSystem.h">
      <Filter>source\engine\framework\inputSystem</Filter>
    </ClInclude>
    <ClInclude Include="source\engine\framework\level\Level.h">
      <Filter>source\engine\framework\level</Filter>
    </ClInclude>
    <ClInclude Include="source\engine\framework\assets\ModelAsset.h">
      <Filter>source\engine\framework\assets</Filter>
    </ClInclude>
    <ClInclude Include="source\engine\framework\assets\Texture2D.h">
      <Filter>source\engine\framework\assets</Filter>
    </ClInclude>
    <ClInclude Include="source\engine\framework\object\Object.h">
      <Filter>source\engine\framework\object</Filter>
    </ClInclude>
    <ClInclude Include="source\engine\framework\object\ObjectIDAllocator.h">
      <Filter>source\engine\framework\object</Filter>
    </ClInclude>
    <ClInclude Include="source\engine\function\render\pass\UIPass.h">
      <Filter>source\engine\function\render\pass</Filter>
    </ClInclude>
    <ClInclude Include="source\editor\SceneInputManager.h">
      <Filter>source\editor</Filter>
    </ClInclude>
    <ClInclude Include="source\engine\function\render\pass\RenderPassBase.h">
      <Filter>source\engine\function\render\pass</Filter>
    </ClInclude>
    <ClInclude Include="3rdparty\imgui\imgui.h">
      <Filter>imgui</Filter>
    </ClInclude>
    <ClInclude Include="3rdparty\imgui\backends\imgui_impl_glfw.h">
      <Filter>imgui</Filter>
    </ClInclude>
    <ClInclude Include="3rdparty\imgui\backends\imgui_impl_vulkan.h">
      <Filter>imgui</Filter>
    </ClInclude>
    <ClInclude Include="3rdparty\imgui\imgui_internal.h">
      <Filter>imgui</Filter>
    </ClInclude>
    <ClInclude Include="3rdparty\imgui\imstb_rectpack.h">
      <Filter>imgui</Filter>
    </ClInclude>
    <ClInclude Include="3rdparty\imgui\imstb_textedit.h">
      <Filter>imgui</Filter>
    </ClInclude>
    <ClInclude Include="3rdparty\imgui\imstb_truetype.h">
      <Filter>imgui</Filter>
    </ClInclude>
    <ClInclude Include="source\engine\function\render\RenderResource\IndexResource.h">
      <Filter>source\engine\function\render\renderResource</Filter>
    </ClInclude>
    <ClInclude Include="source\engine\function\render\RenderResource\VertexResource.h">
      <Filter>source\engine\function\render\renderResource</Filter>
    </ClInclude>
    <ClInclude Include="source\engine\function\render\RenderResource\BufferResource.h">
      <Filter>source\engine\function\render\renderResource</Filter>
    </ClInclude>
    <ClInclude Include="source\engine\function\render\pass\PostProcessPass.h">
      <Filter>source\engine\function\render\renderResource</Filter>
    </ClInclude>
    <ClInclude Include="source\engine\function\render\RenderResource\TextureArrayResource.h">
      <Filter>source\engine\function\render\renderResource</Filter>
    </ClInclude>
  </ItemGroup>
</Project>